// !$*UTF8*$!
{
	archiveVersion = 1;
	classes = {
	};
	objectVersion = 50;
	objects = {

/* Begin PBXBuildFile section */
		848B54D224D964D200AC3961 /* AppDelegate.m in Sources */ = {isa = PBXBuildFile; fileRef = 848B54D124D964D200AC3961 /* AppDelegate.m */; };
		848B54D824D964D200AC3961 /* ViewController.m in Sources */ = {isa = PBXBuildFile; fileRef = 848B54D724D964D200AC3961 /* ViewController.m */; };
		848B54DB24D964D200AC3961 /* Main.storyboard in Resources */ = {isa = PBXBuildFile; fileRef = 848B54D924D964D200AC3961 /* Main.storyboard */; };
		848B54DD24D964D500AC3961 /* Assets.xcassets in Resources */ = {isa = PBXBuildFile; fileRef = 848B54DC24D964D500AC3961 /* Assets.xcassets */; };
		848B54E024D964D500AC3961 /* LaunchScreen.storyboard in Resources */ = {isa = PBXBuildFile; fileRef = 848B54DE24D964D500AC3961 /* LaunchScreen.storyboard */; };
		848B54E324D964D500AC3961 /* main.m in Sources */ = {isa = PBXBuildFile; fileRef = 848B54E224D964D500AC3961 /* main.m */; };
		848B54ED24D9654A00AC3961 /* HomeViewController.m in Sources */ = {isa = PBXBuildFile; fileRef = 848B54EC24D9654A00AC3961 /* HomeViewController.m */; };
		848B54F024D9655000AC3961 /* MineViewController.m in Sources */ = {isa = PBXBuildFile; fileRef = 848B54EF24D9655000AC3961 /* MineViewController.m */; };
		848B54F324D9655700AC3961 /* AddViewController.m in Sources */ = {isa = PBXBuildFile; fileRef = 848B54F224D9655700AC3961 /* AddViewController.m */; };
		848B54F624D9662000AC3961 /* XtayTabBarController.m in Sources */ = {isa = PBXBuildFile; fileRef = 848B54F524D9662000AC3961 /* XtayTabBarController.m */; };
		848B54F924D9663100AC3961 /* XtayTabBar.m in Sources */ = {isa = PBXBuildFile; fileRef = 848B54F824D9663100AC3961 /* XtayTabBar.m */; };
		848B54FC24D9664A00AC3961 /* XtayToolView.m in Sources */ = {isa = PBXBuildFile; fileRef = 848B54FB24D9664A00AC3961 /* XtayToolView.m */; };
		84B8D4ED24DA5A3300E3195D /* add@3x.png in Resources */ = {isa = PBXBuildFile; fileRef = 84B8D4EB24DA5A3300E3195D /* add@3x.png */; };
		84B8D4EE24DA5A3300E3195D /* add@2x.png in Resources */ = {isa = PBXBuildFile; fileRef = 84B8D4EC24DA5A3300E3195D /* add@2x.png */; };
		84B8D4F124DA5B9800E3195D /* tianjia@3x.png in Resources */ = {isa = PBXBuildFile; fileRef = 84B8D4EF24DA5B9800E3195D /* tianjia@3x.png */; };
		84B8D4F224DA5B9800E3195D /* tianjia@2x.png in Resources */ = {isa = PBXBuildFile; fileRef = 84B8D4F024DA5B9800E3195D /* tianjia@2x.png */; };
/* End PBXBuildFile section */

/* Begin PBXFileReference section */
		848B54CD24D964D200AC3961 /* XtayCustomTabBarController.app */ = {isa = PBXFileReference; explicitFileType = wrapper.application; includeInIndex = 0; path = XtayCustomTabBarController.app; sourceTree = BUILT_PRODUCTS_DIR; };
		848B54D024D964D200AC3961 /* AppDelegate.h */ = {isa = PBXFileReference; lastKnownFileType = sourcecode.c.h; path = AppDelegate.h; sourceTree = "<group>"; };
		848B54D124D964D200AC3961 /* AppDelegate.m */ = {isa = PBXFileReference; lastKnownFileType = sourcecode.c.objc; path = AppDelegate.m; sourceTree = "<group>"; };
		848B54D624D964D200AC3961 /* ViewController.h */ = {isa = PBXFileReference; lastKnownFileType = sourcecode.c.h; path = ViewController.h; sourceTree = "<group>"; };
		848B54D724D964D200AC3961 /* ViewController.m */ = {isa = PBXFileReference; lastKnownFileType = sourcecode.c.objc; path = ViewController.m; sourceTree = "<group>"; };
		848B54DA24D964D200AC3961 /* Base */ = {isa = PBXFileReference; lastKnownFileType = file.storyboard; name = Base; path = Base.lproj/Main.storyboard; sourceTree = "<group>"; };
		848B54DC24D964D500AC3961 /* Assets.xcassets */ = {isa = PBXFileReference; lastKnownFileType = folder.assetcatalog; path = Assets.xcassets; sourceTree = "<group>"; };
		848B54DF24D964D500AC3961 /* Base */ = {isa = PBXFileReference; lastKnownFileType = file.storyboard; name = Base; path = Base.lproj/LaunchScreen.storyboard; sourceTree = "<group>"; };
		848B54E124D964D500AC3961 /* Info.plist */ = {isa = PBXFileReference; lastKnownFileType = text.plist.xml; path = Info.plist; sourceTree = "<group>"; };
		848B54E224D964D500AC3961 /* main.m */ = {isa = PBXFileReference; lastKnownFileType = sourcecode.c.objc; path = main.m; sourceTree = "<group>"; };
		848B54EB24D9654A00AC3961 /* HomeViewController.h */ = {isa = PBXFileReference; lastKnownFileType = sourcecode.c.h; path = HomeViewController.h; sourceTree = "<group>"; };
		848B54EC24D9654A00AC3961 /* HomeViewController.m */ = {isa = PBXFileReference; lastKnownFileType = sourcecode.c.objc; path = HomeViewController.m; sourceTree = "<group>"; };
		848B54EE24D9655000AC3961 /* MineViewController.h */ = {isa = PBXFileReference; lastKnownFileType = sourcecode.c.h; path = MineViewController.h; sourceTree = "<group>"; };
		848B54EF24D9655000AC3961 /* MineViewController.m */ = {isa = PBXFileReference; lastKnownFileType = sourcecode.c.objc; path = MineViewController.m; sourceTree = "<group>"; };
		848B54F124D9655700AC3961 /* AddViewController.h */ = {isa = PBXFileReference; lastKnownFileType = sourcecode.c.h; path = AddViewController.h; sourceTree = "<group>"; };
		848B54F224D9655700AC3961 /* AddViewController.m */ = {isa = PBXFileReference; lastKnownFileType = sourcecode.c.objc; path = AddViewController.m; sourceTree = "<group>"; };
		848B54F424D9662000AC3961 /* XtayTabBarController.h */ = {isa = PBXFileReference; lastKnownFileType = sourcecode.c.h; path = XtayTabBarController.h; sourceTree = "<group>"; };
		848B54F524D9662000AC3961 /* XtayTabBarController.m */ = {isa = PBXFileReference; lastKnownFileType = sourcecode.c.objc; path = XtayTabBarController.m; sourceTree = "<group>"; };
		848B54F724D9663100AC3961 /* XtayTabBar.h */ = {isa = PBXFileReference; lastKnownFileType = sourcecode.c.h; path = XtayTabBar.h; sourceTree = "<group>"; };
		848B54F824D9663100AC3961 /* XtayTabBar.m */ = {isa = PBXFileReference; lastKnownFileType = sourcecode.c.objc; path = XtayTabBar.m; sourceTree = "<group>"; };
		848B54FA24D9664A00AC3961 /* XtayToolView.h */ = {isa = PBXFileReference; lastKnownFileType = sourcecode.c.h; path = XtayToolView.h; sourceTree = "<group>"; };
		848B54FB24D9664A00AC3961 /* XtayToolView.m */ = {isa = PBXFileReference; lastKnownFileType = sourcecode.c.objc; path = XtayToolView.m; sourceTree = "<group>"; };
		848B54FE24D9667000AC3961 /* PrefixHeader.pch */ = {isa = PBXFileReference; lastKnownFileType = sourcecode.c.h; path = PrefixHeader.pch; sourceTree = "<group>"; };
		84B8D4EB24DA5A3300E3195D /* add@3x.png */ = {isa = PBXFileReference; lastKnownFileType = image.png; path = "add@3x.png"; sourceTree = "<group>"; };
		84B8D4EC24DA5A3300E3195D /* add@2x.png */ = {isa = PBXFileReference; lastKnownFileType = image.png; path = "add@2x.png"; sourceTree = "<group>"; };
		84B8D4EF24DA5B9800E3195D /* tianjia@3x.png */ = {isa = PBXFileReference; lastKnownFileType = image.png; path = "tianjia@3x.png"; sourceTree = "<group>"; };
		84B8D4F024DA5B9800E3195D /* tianjia@2x.png */ = {isa = PBXFileReference; lastKnownFileType = image.png; path = "tianjia@2x.png"; sourceTree = "<group>"; };
/* End PBXFileReference section */

/* Begin PBXFrameworksBuildPhase section */
		848B54CA24D964D200AC3961 /* Frameworks */ = {
			isa = PBXFrameworksBuildPhase;
			buildActionMask = 2147483647;
			files = (
			);
			runOnlyForDeploymentPostprocessing = 0;
		};
/* End PBXFrameworksBuildPhase section */

/* Begin PBXGroup section */
		848B54C424D964D200AC3961 = {
			isa = PBXGroup;
			children = (
				848B54CF24D964D200AC3961 /* XtayCustomTabBarController */,
				848B54CE24D964D200AC3961 /* Products */,
			);
			sourceTree = "<group>";
		};
		848B54CE24D964D200AC3961 /* Products */ = {
			isa = PBXGroup;
			children = (
				848B54CD24D964D200AC3961 /* XtayCustomTabBarController.app */,
			);
			name = Products;
			sourceTree = "<group>";
		};
		848B54CF24D964D200AC3961 /* XtayCustomTabBarController */ = {
			isa = PBXGroup;
			children = (
				848B54FD24D9665000AC3961 /* V */,
				848B54EA24D9653100AC3961 /* VC */,
				848B54E924D9652600AC3961 /* customTabBar */,
				848B54D024D964D200AC3961 /* AppDelegate.h */,
				848B54D124D964D200AC3961 /* AppDelegate.m */,
				848B54D624D964D200AC3961 /* ViewController.h */,
				848B54D724D964D200AC3961 /* ViewController.m */,
				848B54D924D964D200AC3961 /* Main.storyboard */,
				848B54DC24D964D500AC3961 /* Assets.xcassets */,
				84B8D4EC24DA5A3300E3195D /* add@2x.png */,
				84B8D4EB24DA5A3300E3195D /* add@3x.png */,
				84B8D4F024DA5B9800E3195D /* tianjia@2x.png */,
				84B8D4EF24DA5B9800E3195D /* tianjia@3x.png */,
				848B54DE24D964D500AC3961 /* LaunchScreen.storyboard */,
				848B54E124D964D500AC3961 /* Info.plist */,
				848B54E224D964D500AC3961 /* main.m */,
				848B54FE24D9667000AC3961 /* PrefixHeader.pch */,
			);
			path = XtayCustomTabBarController;
			sourceTree = "<group>";
		};
		848B54E924D9652600AC3961 /* customTabBar */ = {
			isa = PBXGroup;
			children = (
				848B54F424D9662000AC3961 /* XtayTabBarController.h */,
				848B54F524D9662000AC3961 /* XtayTabBarController.m */,
				848B54F724D9663100AC3961 /* XtayTabBar.h */,
				848B54F824D9663100AC3961 /* XtayTabBar.m */,
			);
			path = customTabBar;
			sourceTree = "<group>";
		};
		848B54EA24D9653100AC3961 /* VC */ = {
			isa = PBXGroup;
			children = (
				848B54EB24D9654A00AC3961 /* HomeViewController.h */,
				848B54EC24D9654A00AC3961 /* HomeViewController.m */,
				848B54EE24D9655000AC3961 /* MineViewController.h */,
				848B54EF24D9655000AC3961 /* MineViewController.m */,
				848B54F124D9655700AC3961 /* AddViewController.h */,
				848B54F224D9655700AC3961 /* AddViewController.m */,
			);
			path = VC;
			sourceTree = "<group>";
		};
		848B54FD24D9665000AC3961 /* V */ = {
			isa = PBXGroup;
			children = (
				848B54FA24D9664A00AC3961 /* XtayToolView.h */,
				848B54FB24D9664A00AC3961 /* XtayToolView.m */,
			);
			path = V;
			sourceTree = "<group>";
		};
/* End PBXGroup section */

/* Begin PBXNativeTarget section */
		848B54CC24D964D200AC3961 /* XtayCustomTabBarController */ = {
			isa = PBXNativeTarget;
			buildConfigurationList = 848B54E624D964D500AC3961 /* Build configuration list for PBXNativeTarget "XtayCustomTabBarController" */;
			buildPhases = (
				848B54C924D964D200AC3961 /* Sources */,
				848B54CA24D964D200AC3961 /* Frameworks */,
				848B54CB24D964D200AC3961 /* Resources */,
			);
			buildRules = (
			);
			dependencies = (
			);
			name = XtayCustomTabBarController;
			productName = XtayCustomTabBarController;
			productReference = 848B54CD24D964D200AC3961 /* XtayCustomTabBarController.app */;
			productType = "com.apple.product-type.application";
		};
/* End PBXNativeTarget section */

/* Begin PBXProject section */
		848B54C524D964D200AC3961 /* Project object */ = {
			isa = PBXProject;
			attributes = {
				LastUpgradeCheck = 1150;
				ORGANIZATIONNAME = xtayqria;
				TargetAttributes = {
					848B54CC24D964D200AC3961 = {
						CreatedOnToolsVersion = 11.5;
					};
				};
			};
			buildConfigurationList = 848B54C824D964D200AC3961 /* Build configuration list for PBXProject "XtayCustomTabBarController" */;
			compatibilityVersion = "Xcode 9.3";
			developmentRegion = en;
			hasScannedForEncodings = 0;
			knownRegions = (
				en,
				Base,
			);
			mainGroup = 848B54C424D964D200AC3961;
			productRefGroup = 848B54CE24D964D200AC3961 /* Products */;
			projectDirPath = "";
			projectRoot = "";
			targets = (
				848B54CC24D964D200AC3961 /* XtayCustomTabBarController */,
			);
		};
/* End PBXProject section */

/* Begin PBXResourcesBuildPhase section */
		848B54CB24D964D200AC3961 /* Resources */ = {
			isa = PBXResourcesBuildPhase;
			buildActionMask = 2147483647;
			files = (
				848B54E024D964D500AC3961 /* LaunchScreen.storyboard in Resources */,
				84B8D4ED24DA5A3300E3195D /* add@3x.png in Resources */,
				84B8D4F124DA5B9800E3195D /* tianjia@3x.png in Resources */,
				84B8D4F224DA5B9800E3195D /* tianjia@2x.png in Resources */,
				84B8D4EE24DA5A3300E3195D /* add@2x.png in Resources */,
				848B54DD24D964D500AC3961 /* Assets.xcassets in Resources */,
				848B54DB24D964D200AC3961 /* Main.storyboard in Resources */,
			);
			runOnlyForDeploymentPostprocessing = 0;
		};
/* End PBXResourcesBuildPhase section */

/* Begin PBXSourcesBuildPhase section */
		848B54C924D964D200AC3961 /* Sources */ = {
			isa = PBXSourcesBuildPhase;
			buildActionMask = 2147483647;
			files = (
				848B54D824D964D200AC3961 /* ViewController.m in Sources */,
				848B54F924D9663100AC3961 /* XtayTabBar.m in Sources */,
				848B54D224D964D200AC3961 /* AppDelegate.m in Sources */,
				848B54FC24D9664A00AC3961 /* XtayToolView.m in Sources */,
				848B54F324D9655700AC3961 /* AddViewController.m in Sources */,
				848B54F624D9662000AC3961 /* XtayTabBarController.m in Sources */,
				848B54F024D9655000AC3961 /* MineViewController.m in Sources */,
				848B54E324D964D500AC3961 /* main.m in Sources */,
				848B54ED24D9654A00AC3961 /* HomeViewController.m in Sources */,
			);
			runOnlyForDeploymentPostprocessing = 0;
		};
/* End PBXSourcesBuildPhase section */

/* Begin PBXVariantGroup section */
		848B54D924D964D200AC3961 /* Main.storyboard */ = {
			isa = PBXVariantGroup;
			children = (
				848B54DA24D964D200AC3961 /* Base */,
			);
			name = Main.storyboard;
			sourceTree = "<group>";
		};
		848B54DE24D964D500AC3961 /* LaunchScreen.storyboard */ = {
			isa = PBXVariantGroup;
			children = (
				848B54DF24D964D500AC3961 /* Base */,
			);
			name = LaunchScreen.storyboard;
			sourceTree = "<group>";
		};
/* End PBXVariantGroup section */

/* Begin XCBuildConfiguration section */
		848B54E424D964D500AC3961 /* Debug */ = {
			isa = XCBuildConfiguration;
			buildSettings = {
				ALWAYS_SEARCH_USER_PATHS = NO;
				CLANG_ANALYZER_NONNULL = YES;
				CLANG_ANALYZER_NUMBER_OBJECT_CONVERSION = YES_AGGRESSIVE;
				CLANG_CXX_LANGUAGE_STANDARD = "gnu++14";
				CLANG_CXX_LIBRARY = "libc++";
				CLANG_ENABLE_MODULES = YES;
				CLANG_ENABLE_OBJC_ARC = YES;
				CLANG_ENABLE_OBJC_WEAK = YES;
				CLANG_WARN_BLOCK_CAPTURE_AUTORELEASING = YES;
				CLANG_WARN_BOOL_CONVERSION = YES;
				CLANG_WARN_COMMA = YES;
				CLANG_WARN_CONSTANT_CONVERSION = YES;
				CLANG_WARN_DEPRECATED_OBJC_IMPLEMENTATIONS = YES;
				CLANG_WARN_DIRECT_OBJC_ISA_USAGE = YES_ERROR;
				CLANG_WARN_DOCUMENTATION_COMMENTS = YES;
				CLANG_WARN_EMPTY_BODY = YES;
				CLANG_WARN_ENUM_CONVERSION = YES;
				CLANG_WARN_INFINITE_RECURSION = YES;
				CLANG_WARN_INT_CONVERSION = YES;
				CLANG_WARN_NON_LITERAL_NULL_CONVERSION = YES;
				CLANG_WARN_OBJC_IMPLICIT_RETAIN_SELF = YES;
				CLANG_WARN_OBJC_LITERAL_CONVERSION = YES;
				CLANG_WARN_OBJC_ROOT_CLASS = YES_ERROR;
				CLANG_WARN_RANGE_LOOP_ANALYSIS = YES;
				CLANG_WARN_STRICT_PROTOTYPES = YES;
				CLANG_WARN_SUSPICIOUS_MOVE = YES;
				CLANG_WARN_UNGUARDED_AVAILABILITY = YES_AGGRESSIVE;
				CLANG_WARN_UNREACHABLE_CODE = YES;
				CLANG_WARN__DUPLICATE_METHOD_MATCH = YES;
				COPY_PHASE_STRIP = NO;
				DEBUG_INFORMATION_FORMAT = dwarf;
				ENABLE_STRICT_OBJC_MSGSEND = YES;
				ENABLE_TESTABILITY = YES;
				GCC_C_LANGUAGE_STANDARD = gnu11;
				GCC_DYNAMIC_NO_PIC = NO;
				GCC_NO_COMMON_BLOCKS = YES;
				GCC_OPTIMIZATION_LEVEL = 0;
				GCC_PREPROCESSOR_DEFINITIONS = (
					"DEBUG=1",
					"$(inherited)",
				);
				GCC_WARN_64_TO_32_BIT_CONVERSION = YES;
				GCC_WARN_ABOUT_RETURN_TYPE = YES_ERROR;
				GCC_WARN_UNDECLARED_SELECTOR = YES;
				GCC_WARN_UNINITIALIZED_AUTOS = YES_AGGRESSIVE;
				GCC_WARN_UNUSED_FUNCTION = YES;
				GCC_WARN_UNUSED_VARIABLE = YES;
				IPHONEOS_DEPLOYMENT_TARGET = 13.5;
				MTL_ENABLE_DEBUG_INFO = INCLUDE_SOURCE;
				MTL_FAST_MATH = YES;
				ONLY_ACTIVE_ARCH = YES;
				SDKROOT = iphoneos;
			};
			name = Debug;
		};
		848B54E524D964D500AC3961 /* Release */ = {
			isa = XCBuildConfiguration;
			buildSettings = {
				ALWAYS_SEARCH_USER_PATHS = NO;
				CLANG_ANALYZER_NONNULL = YES;
				CLANG_ANALYZER_NUMBER_OBJECT_CONVERSION = YES_AGGRESSIVE;
				CLANG_CXX_LANGUAGE_STANDARD = "gnu++14";
				CLANG_CXX_LIBRARY = "libc++";
				CLANG_ENABLE_MODULES = YES;
				CLANG_ENABLE_OBJC_ARC = YES;
				CLANG_ENABLE_OBJC_WEAK = YES;
				CLANG_WARN_BLOCK_CAPTURE_AUTORELEASING = YES;
				CLANG_WARN_BOOL_CONVERSION = YES;
				CLANG_WARN_COMMA = YES;
				CLANG_WARN_CONSTANT_CONVERSION = YES;
				CLANG_WARN_DEPRECATED_OBJC_IMPLEMENTATIONS = YES;
				CLANG_WARN_DIRECT_OBJC_ISA_USAGE = YES_ERROR;
				CLANG_WARN_DOCUMENTATION_COMMENTS = YES;
				CLANG_WARN_EMPTY_BODY = YES;
				CLANG_WARN_ENUM_CONVERSION = YES;
				CLANG_WARN_INFINITE_RECURSION = YES;
				CLANG_WARN_INT_CONVERSION = YES;
				CLANG_WARN_NON_LITERAL_NULL_CONVERSION = YES;
				CLANG_WARN_OBJC_IMPLICIT_RETAIN_SELF = YES;
				CLANG_WARN_OBJC_LITERAL_CONVERSION = YES;
				CLANG_WARN_OBJC_ROOT_CLASS = YES_ERROR;
				CLANG_WARN_RANGE_LOOP_ANALYSIS = YES;
				CLANG_WARN_STRICT_PROTOTYPES = YES;
				CLANG_WARN_SUSPICIOUS_MOVE = YES;
				CLANG_WARN_UNGUARDED_AVAILABILITY = YES_AGGRESSIVE;
				CLANG_WARN_UNREACHABLE_CODE = YES;
				CLANG_WARN__DUPLICATE_METHOD_MATCH = YES;
				COPY_PHASE_STRIP = NO;
				DEBUG_INFORMATION_FORMAT = "dwarf-with-dsym";
				ENABLE_NS_ASSERTIONS = NO;
				ENABLE_STRICT_OBJC_MSGSEND = YES;
				GCC_C_LANGUAGE_STANDARD = gnu11;
				GCC_NO_COMMON_BLOCKS = YES;
				GCC_WARN_64_TO_32_BIT_CONVERSION = YES;
				GCC_WARN_ABOUT_RETURN_TYPE = YES_ERROR;
				GCC_WARN_UNDECLARED_SELECTOR = YES;
				GCC_WARN_UNINITIALIZED_AUTOS = YES_AGGRESSIVE;
				GCC_WARN_UNUSED_FUNCTION = YES;
				GCC_WARN_UNUSED_VARIABLE = YES;
				IPHONEOS_DEPLOYMENT_TARGET = 13.5;
				MTL_ENABLE_DEBUG_INFO = NO;
				MTL_FAST_MATH = YES;
				SDKROOT = iphoneos;
				VALIDATE_PRODUCT = YES;
			};
			name = Release;
		};
		848B54E724D964D500AC3961 /* Debug */ = {
			isa = XCBuildConfiguration;
			buildSettings = {
				ASSETCATALOG_COMPILER_APPICON_NAME = AppIcon;
				CODE_SIGN_STYLE = Automatic;
				GCC_PREFIX_HEADER = "${SRCROOT}/XtayCustomTabBarController/PrefixHeader.pch";
				INFOPLIST_FILE = XtayCustomTabBarController/Info.plist;
				IPHONEOS_DEPLOYMENT_TARGET = 9.0;
				LD_RUNPATH_SEARCH_PATHS = (
					"$(inherited)",
					"@executable_path/Frameworks",
				);
				PRODUCT_BUNDLE_IDENTIFIER = com.XtayCustomTabBarController;
				PRODUCT_NAME = "$(TARGET_NAME)";
				TARGETED_DEVICE_FAMILY = 1;
			};
			name = Debug;
		};
		848B54E824D964D500AC3961 /* Release */ = {
			isa = XCBuildConfiguration;
			buildSettings = {
				ASSETCATALOG_COMPILER_APPICON_NAME = AppIcon;
				CODE_SIGN_STYLE = Automatic;
				GCC_PREFIX_HEADER = "${SRCROOT}/XtayCustomTabBarController/PrefixHeader.pch";
				INFOPLIST_FILE = XtayCustomTabBarController/Info.plist;
				IPHONEOS_DEPLOYMENT_TARGET = 9.0;
				LD_RUNPATH_SEARCH_PATHS = (
					"$(inherited)",
					"@executable_path/Frameworks",
				);
				PRODUCT_BUNDLE_IDENTIFIER = com.XtayCustomTabBarController;
				PRODUCT_NAME = "$(TARGET_NAME)";
				TARGETED_DEVICE_FAMILY = 1;
			};
			name = Release;
		};
/* End XCBuildConfiguration section */

/* Begin XCConfigurationList section */
		848B54C824D964D200AC3961 /* Build configuration list for PBXProject "XtayCustomTabBarController" */ = {
			isa = XCConfigurationList;
			buildConfigurations = (
				848B54E424D964D500AC3961 /* Debug */,
				848B54E524D964D500AC3961 /* Release */,
			);
			defaultConfigurationIsVisible = 0;
			defaultConfigurationName = Release;
		};
		848B54E624D964D500AC3961 /* Build configuration list for PBXNativeTarget "XtayCustomTabBarController" */ = {
			isa = XCConfigurationList;
			buildConfigurations = (
				848B54E724D964D500AC3961 /* Debug */,
				848B54E824D964D500AC3961 /* Release */,
			);
			defaultConfigurationIsVisible = 0;
			defaultConfigurationName = Release;
		};
/* End XCConfigurationList section */
	};
	rootObject = 848B54C524D964D200AC3961 /* Project object */;
}
